
Microsoft Visual Studio Solution File, Format Version 12.00
# Visual Studio Version 17
VisualStudioVersion = 17.10.34928.147
MinimumVisualStudioVersion = 10.0.40219.1
Project("{9A19103F-16F7-4668-BE54-9A1E7A4F7556}") = "KaraokeFramework", "KaraokeFramework.csproj", "{707F177A-AD22-452A-866A-C982EB043568}"
EndProject
Global
	GlobalSection(SolutionConfigurationPlatforms) = preSolution
		Debug|Any CPU = Debug|Any CPU
		Release|Any CPU = Release|Any CPU
	EndGlobalSection
	GlobalSection(ProjectConfigurationPlatforms) = postSolution
		{707F177A-AD22-452A-866A-C982EB043568}.Debug|Any CPU.ActiveCfg = Debug|Any CPU
		{707F177A-AD22-452A-866A-C982EB043568}.Debug|Any CPU.Build.0 = Debug|Any CPU
		{707F177A-AD22-452A-866A-C982EB043568}.Release|Any CPU.ActiveCfg = Release|Any CPU
		{707F177A-AD22-452A-866A-C982EB043568}.Release|Any CPU.Build.0 = Release|Any CPU
	EndGlobalSection
	GlobalSection(SolutionProperties) = preSolution
		HideSolutionNode = FALSE
	EndGlobalSection
	GlobalSection(ExtensibilityGlobals) = postSolution
		SolutionGuid = {36C7CACA-618B-43F8-8818-ADB311B2AF0B}
	EndGlobalSection
EndGlobal
